// !$*UTF8*$!
{
	archiveVersion = 1;
	classes = {
	};
	objectVersion = 51;
	objects = {

/* Begin PBXBuildFile section */
		210908DB9ED036EF9710BEC0 /* Pods_tripbook_app.framework in Frameworks */ = {isa = PBXBuildFile; fileRef = 5625A2544F9589AABC6E944B /* Pods_tripbook_app.framework */; };
		4C04FD4C2370E68C001A3669 /* Post.swift in Sources */ = {isa = PBXBuildFile; fileRef = 4C04FD4B2370E68C001A3669 /* Post.swift */; };
		4C04FD50237200CD001A3669 /* PostViewModel.swift in Sources */ = {isa = PBXBuildFile; fileRef = 4C04FD4F237200CD001A3669 /* PostViewModel.swift */; };
		4C7E910B237509AF0034FBBB /* User.swift in Sources */ = {isa = PBXBuildFile; fileRef = 4C7E910A237509AF0034FBBB /* User.swift */; };
		4C7E910D237532130034FBBB /* images in Resources */ = {isa = PBXBuildFile; fileRef = 4C7E910C237532130034FBBB /* images */; };
		4C7E91142375F5CE0034FBBB /* firebase_actions.swift in Sources */ = {isa = PBXBuildFile; fileRef = 4C7E91132375F5CE0034FBBB /* firebase_actions.swift */; };
		4C9C674E236E47EC00CAAD0B /* AppDelegate.swift in Sources */ = {isa = PBXBuildFile; fileRef = 4C9C674D236E47EC00CAAD0B /* AppDelegate.swift */; };
		4C9C6750236E47EC00CAAD0B /* SceneDelegate.swift in Sources */ = {isa = PBXBuildFile; fileRef = 4C9C674F236E47EC00CAAD0B /* SceneDelegate.swift */; };
		4C9C6753236E47EC00CAAD0B /* tripbook_app.xcdatamodeld in Sources */ = {isa = PBXBuildFile; fileRef = 4C9C6751236E47EC00CAAD0B /* tripbook_app.xcdatamodeld */; };
		4C9C6755236E47EC00CAAD0B /* ContentView.swift in Sources */ = {isa = PBXBuildFile; fileRef = 4C9C6754236E47EC00CAAD0B /* ContentView.swift */; };
		4C9C6757236E47ED00CAAD0B /* Assets.xcassets in Resources */ = {isa = PBXBuildFile; fileRef = 4C9C6756236E47ED00CAAD0B /* Assets.xcassets */; };
		4C9C675A236E47ED00CAAD0B /* Preview Assets.xcassets in Resources */ = {isa = PBXBuildFile; fileRef = 4C9C6759236E47ED00CAAD0B /* Preview Assets.xcassets */; };
		4C9C675D236E47ED00CAAD0B /* LaunchScreen.storyboard in Resources */ = {isa = PBXBuildFile; fileRef = 4C9C675B236E47ED00CAAD0B /* LaunchScreen.storyboard */; };
		4C9C6765236E4A4100CAAD0B /* GoogleService-Info.plist in Resources */ = {isa = PBXBuildFile; fileRef = 4C9C6764236E4A4100CAAD0B /* GoogleService-Info.plist */; };
		5019D73523A41C8D0097B331 /* DefaultKeys.swift in Sources */ = {isa = PBXBuildFile; fileRef = 5019D73423A41C8D0097B331 /* DefaultKeys.swift */; };
		508FF94A23A4459200D6FA42 /* ImageViewUploadExtension.swift in Sources */ = {isa = PBXBuildFile; fileRef = 508FF94923A4459200D6FA42 /* ImageViewUploadExtension.swift */; };
		5096E83823A46740005E999B /* TripDataTest.swift in Sources */ = {isa = PBXBuildFile; fileRef = 5096E83723A46740005E999B /* TripDataTest.swift */; };
		5096E83A23A46EC1005E999B /* CLLocationEquatableTest.swift in Sources */ = {isa = PBXBuildFile; fileRef = 5096E83923A46EC1005E999B /* CLLocationEquatableTest.swift */; };
		5096E83C23A4700A005E999B /* DefaultKeysTest.swift in Sources */ = {isa = PBXBuildFile; fileRef = 5096E83B23A4700A005E999B /* DefaultKeysTest.swift */; };
		5096E84023A47429005E999B /* ProfileViewModelTest.swift in Sources */ = {isa = PBXBuildFile; fileRef = 5096E83F23A47429005E999B /* ProfileViewModelTest.swift */; };
		5096E84223A476F4005E999B /* PostViewModelTest.swift in Sources */ = {isa = PBXBuildFile; fileRef = 5096E84123A476F4005E999B /* PostViewModelTest.swift */; };
		5096E84423A4771F005E999B /* FriendsViewModelTest.swift in Sources */ = {isa = PBXBuildFile; fileRef = 5096E84323A4771F005E999B /* FriendsViewModelTest.swift */; };
		50A0C05023A44E8100E82981 /* LocationTest.swift in Sources */ = {isa = PBXBuildFile; fileRef = 50A0C04F23A44E8100E82981 /* LocationTest.swift */; };
		50BF804323A281FD0092C9B0 /* CLLocationCoordinateEquatable.swift in Sources */ = {isa = PBXBuildFile; fileRef = 50BF804223A281FD0092C9B0 /* CLLocationCoordinateEquatable.swift */; };
		50CC79512375B3FB00017FE5 /* MapViewController.swift in Sources */ = {isa = PBXBuildFile; fileRef = 50CC79502375B3FB00017FE5 /* MapViewController.swift */; };
		50CC79532375B41F00017FE5 /* Location.swift in Sources */ = {isa = PBXBuildFile; fileRef = 50CC79522375B41F00017FE5 /* Location.swift */; };
		50CC79552375B45600017FE5 /* TripData.swift in Sources */ = {isa = PBXBuildFile; fileRef = 50CC79542375B45600017FE5 /* TripData.swift */; };
		50CC79572375B4E700017FE5 /* IntroAddTripView.swift in Sources */ = {isa = PBXBuildFile; fileRef = 50CC79562375B4E700017FE5 /* IntroAddTripView.swift */; };
		50CC79582375B77800017FE5 /* MapViewWrapper.swift in Sources */ = {isa = PBXBuildFile; fileRef = 50CC794C2375B3B800017FE5 /* MapViewWrapper.swift */; };
		50CC79592375B98C00017FE5 /* ProfileView.swift in Sources */ = {isa = PBXBuildFile; fileRef = 50CC794D2375B3B800017FE5 /* ProfileView.swift */; };
		50CC795A2375B98F00017FE5 /* CardView.swift in Sources */ = {isa = PBXBuildFile; fileRef = 50CC794E2375B3B800017FE5 /* CardView.swift */; };
		50CC795B2375B99100017FE5 /* PostCard.swift in Sources */ = {isa = PBXBuildFile; fileRef = 50CC794F2375B3B800017FE5 /* PostCard.swift */; };
		50CDD02A2399C90C00E33EEE /* ImageViewController.swift in Sources */ = {isa = PBXBuildFile; fileRef = 50CDD0292399C90C00E33EEE /* ImageViewController.swift */; };
		50DE680823A40F3F00E17217 /* MapViewRendererExtension.swift in Sources */ = {isa = PBXBuildFile; fileRef = 50DE680723A40F3F00E17217 /* MapViewRendererExtension.swift */; };
		50DE680A23A40FCD00E17217 /* MapViewUIExtension.swift in Sources */ = {isa = PBXBuildFile; fileRef = 50DE680923A40FCD00E17217 /* MapViewUIExtension.swift */; };
		6C84B33E23754A090024C2F6 /* ProfileViewModel.swift in Sources */ = {isa = PBXBuildFile; fileRef = 6C84B33D23754A090024C2F6 /* ProfileViewModel.swift */; };
		6CC7E78A239A69A000770CF2 /* FriendsView.swift in Sources */ = {isa = PBXBuildFile; fileRef = 6CC7E789239A69A000770CF2 /* FriendsView.swift */; };
		6CC7E78C239A6A5F00770CF2 /* FriendsViewModel.swift in Sources */ = {isa = PBXBuildFile; fileRef = 6CC7E78B239A6A5F00770CF2 /* FriendsViewModel.swift */; };
		D8721C42C446E431D1A3BD66 /* Pods_tripbook_app_tripbook_testsuite.framework in Frameworks */ = {isa = PBXBuildFile; fileRef = A05CD9D4D46D0B4B8058D796 /* Pods_tripbook_app_tripbook_testsuite.framework */; };
/* End PBXBuildFile section */

/* Begin PBXContainerItemProxy section */
		508FF95423A44AD000D6FA42 /* PBXContainerItemProxy */ = {
			isa = PBXContainerItemProxy;
			containerPortal = 4C9C6742236E47EC00CAAD0B /* Project object */;
			proxyType = 1;
			remoteGlobalIDString = 4C9C6749236E47EC00CAAD0B;
			remoteInfo = "tripbook-app";
		};
/* End PBXContainerItemProxy section */

/* Begin PBXFileReference section */
		0A4FA2F514E7048BF3CCD5D0 /* Pods-tripbook-app.debug.xcconfig */ = {isa = PBXFileReference; includeInIndex = 1; lastKnownFileType = text.xcconfig; name = "Pods-tripbook-app.debug.xcconfig"; path = "Target Support Files/Pods-tripbook-app/Pods-tripbook-app.debug.xcconfig"; sourceTree = "<group>"; };
		4C04FD4B2370E68C001A3669 /* Post.swift */ = {isa = PBXFileReference; lastKnownFileType = sourcecode.swift; name = Post.swift; path = ../Post.swift; sourceTree = "<group>"; };
		4C04FD4F237200CD001A3669 /* PostViewModel.swift */ = {isa = PBXFileReference; lastKnownFileType = sourcecode.swift; path = PostViewModel.swift; sourceTree = "<group>"; };
		4C7E910A237509AF0034FBBB /* User.swift */ = {isa = PBXFileReference; lastKnownFileType = sourcecode.swift; path = User.swift; sourceTree = "<group>"; };
		4C7E910C237532130034FBBB /* images */ = {isa = PBXFileReference; lastKnownFileType = folder; path = images; sourceTree = "<group>"; };
		4C7E91132375F5CE0034FBBB /* firebase_actions.swift */ = {isa = PBXFileReference; lastKnownFileType = sourcecode.swift; path = firebase_actions.swift; sourceTree = "<group>"; };
		4C9C674A236E47EC00CAAD0B /* tripbook-app.app */ = {isa = PBXFileReference; explicitFileType = wrapper.application; includeInIndex = 0; path = "tripbook-app.app"; sourceTree = BUILT_PRODUCTS_DIR; };
		4C9C674D236E47EC00CAAD0B /* AppDelegate.swift */ = {isa = PBXFileReference; lastKnownFileType = sourcecode.swift; path = AppDelegate.swift; sourceTree = "<group>"; };
		4C9C674F236E47EC00CAAD0B /* SceneDelegate.swift */ = {isa = PBXFileReference; lastKnownFileType = sourcecode.swift; path = SceneDelegate.swift; sourceTree = "<group>"; };
		4C9C6752236E47EC00CAAD0B /* tripbook_app.xcdatamodel */ = {isa = PBXFileReference; lastKnownFileType = wrapper.xcdatamodel; path = tripbook_app.xcdatamodel; sourceTree = "<group>"; };
		4C9C6754236E47EC00CAAD0B /* ContentView.swift */ = {isa = PBXFileReference; lastKnownFileType = sourcecode.swift; path = ContentView.swift; sourceTree = "<group>"; };
		4C9C6756236E47ED00CAAD0B /* Assets.xcassets */ = {isa = PBXFileReference; lastKnownFileType = folder.assetcatalog; path = Assets.xcassets; sourceTree = "<group>"; };
		4C9C6759236E47ED00CAAD0B /* Preview Assets.xcassets */ = {isa = PBXFileReference; lastKnownFileType = folder.assetcatalog; path = "Preview Assets.xcassets"; sourceTree = "<group>"; };
		4C9C675C236E47ED00CAAD0B /* Base */ = {isa = PBXFileReference; lastKnownFileType = file.storyboard; name = Base; path = Base.lproj/LaunchScreen.storyboard; sourceTree = "<group>"; };
		4C9C675E236E47ED00CAAD0B /* Info.plist */ = {isa = PBXFileReference; lastKnownFileType = text.plist.xml; path = Info.plist; sourceTree = "<group>"; };
		4C9C6764236E4A4100CAAD0B /* GoogleService-Info.plist */ = {isa = PBXFileReference; fileEncoding = 4; lastKnownFileType = text.plist.xml; path = "GoogleService-Info.plist"; sourceTree = "<group>"; };
		5019D73423A41C8D0097B331 /* DefaultKeys.swift */ = {isa = PBXFileReference; lastKnownFileType = sourcecode.swift; path = DefaultKeys.swift; sourceTree = "<group>"; };
		508FF94923A4459200D6FA42 /* ImageViewUploadExtension.swift */ = {isa = PBXFileReference; lastKnownFileType = sourcecode.swift; path = ImageViewUploadExtension.swift; sourceTree = "<group>"; };
		508FF94F23A44AD000D6FA42 /* tripbook-testsuite.xctest */ = {isa = PBXFileReference; explicitFileType = wrapper.cfbundle; includeInIndex = 0; path = "tripbook-testsuite.xctest"; sourceTree = BUILT_PRODUCTS_DIR; };
		508FF95323A44AD000D6FA42 /* Info.plist */ = {isa = PBXFileReference; lastKnownFileType = text.plist.xml; path = Info.plist; sourceTree = "<group>"; };
		5096E83723A46740005E999B /* TripDataTest.swift */ = {isa = PBXFileReference; lastKnownFileType = sourcecode.swift; path = TripDataTest.swift; sourceTree = "<group>"; };
		5096E83923A46EC1005E999B /* CLLocationEquatableTest.swift */ = {isa = PBXFileReference; lastKnownFileType = sourcecode.swift; path = CLLocationEquatableTest.swift; sourceTree = "<group>"; };
		5096E83B23A4700A005E999B /* DefaultKeysTest.swift */ = {isa = PBXFileReference; lastKnownFileType = sourcecode.swift; path = DefaultKeysTest.swift; sourceTree = "<group>"; };
		5096E83F23A47429005E999B /* ProfileViewModelTest.swift */ = {isa = PBXFileReference; lastKnownFileType = sourcecode.swift; path = ProfileViewModelTest.swift; sourceTree = "<group>"; };
		5096E84123A476F4005E999B /* PostViewModelTest.swift */ = {isa = PBXFileReference; lastKnownFileType = sourcecode.swift; path = PostViewModelTest.swift; sourceTree = "<group>"; };
		5096E84323A4771F005E999B /* FriendsViewModelTest.swift */ = {isa = PBXFileReference; lastKnownFileType = sourcecode.swift; path = FriendsViewModelTest.swift; sourceTree = "<group>"; };
		50A0C04F23A44E8100E82981 /* LocationTest.swift */ = {isa = PBXFileReference; lastKnownFileType = sourcecode.swift; path = LocationTest.swift; sourceTree = "<group>"; };
		50BF804223A281FD0092C9B0 /* CLLocationCoordinateEquatable.swift */ = {isa = PBXFileReference; lastKnownFileType = sourcecode.swift; path = CLLocationCoordinateEquatable.swift; sourceTree = "<group>"; };
		50CC794C2375B3B800017FE5 /* MapViewWrapper.swift */ = {isa = PBXFileReference; lastKnownFileType = sourcecode.swift; path = MapViewWrapper.swift; sourceTree = "<group>"; };
		50CC794D2375B3B800017FE5 /* ProfileView.swift */ = {isa = PBXFileReference; lastKnownFileType = sourcecode.swift; path = ProfileView.swift; sourceTree = "<group>"; };
		50CC794E2375B3B800017FE5 /* CardView.swift */ = {isa = PBXFileReference; lastKnownFileType = sourcecode.swift; path = CardView.swift; sourceTree = "<group>"; };
		50CC794F2375B3B800017FE5 /* PostCard.swift */ = {isa = PBXFileReference; lastKnownFileType = sourcecode.swift; path = PostCard.swift; sourceTree = "<group>"; };
		50CC79502375B3FB00017FE5 /* MapViewController.swift */ = {isa = PBXFileReference; lastKnownFileType = sourcecode.swift; path = MapViewController.swift; sourceTree = "<group>"; };
		50CC79522375B41F00017FE5 /* Location.swift */ = {isa = PBXFileReference; lastKnownFileType = sourcecode.swift; path = Location.swift; sourceTree = "<group>"; };
		50CC79542375B45600017FE5 /* TripData.swift */ = {isa = PBXFileReference; lastKnownFileType = sourcecode.swift; path = TripData.swift; sourceTree = "<group>"; };
		50CC79562375B4E700017FE5 /* IntroAddTripView.swift */ = {isa = PBXFileReference; lastKnownFileType = sourcecode.swift; path = IntroAddTripView.swift; sourceTree = "<group>"; };
		50CDD0292399C90C00E33EEE /* ImageViewController.swift */ = {isa = PBXFileReference; lastKnownFileType = sourcecode.swift; path = ImageViewController.swift; sourceTree = "<group>"; };
		50DE680723A40F3F00E17217 /* MapViewRendererExtension.swift */ = {isa = PBXFileReference; lastKnownFileType = sourcecode.swift; path = MapViewRendererExtension.swift; sourceTree = "<group>"; };
		50DE680923A40FCD00E17217 /* MapViewUIExtension.swift */ = {isa = PBXFileReference; lastKnownFileType = sourcecode.swift; path = MapViewUIExtension.swift; sourceTree = "<group>"; };
		5625A2544F9589AABC6E944B /* Pods_tripbook_app.framework */ = {isa = PBXFileReference; explicitFileType = wrapper.framework; includeInIndex = 0; path = Pods_tripbook_app.framework; sourceTree = BUILT_PRODUCTS_DIR; };
		633367DD27C41920F996FA33 /* Pods-tripbook-app.release.xcconfig */ = {isa = PBXFileReference; includeInIndex = 1; lastKnownFileType = text.xcconfig; name = "Pods-tripbook-app.release.xcconfig"; path = "Target Support Files/Pods-tripbook-app/Pods-tripbook-app.release.xcconfig"; sourceTree = "<group>"; };
		64BB61B752E654A714912D48 /* Pods-tripbook-app-tripbook-testsuite.debug.xcconfig */ = {isa = PBXFileReference; includeInIndex = 1; lastKnownFileType = text.xcconfig; name = "Pods-tripbook-app-tripbook-testsuite.debug.xcconfig"; path = "Target Support Files/Pods-tripbook-app-tripbook-testsuite/Pods-tripbook-app-tripbook-testsuite.debug.xcconfig"; sourceTree = "<group>"; };
		6C84B33D23754A090024C2F6 /* ProfileViewModel.swift */ = {isa = PBXFileReference; lastKnownFileType = sourcecode.swift; path = ProfileViewModel.swift; sourceTree = "<group>"; };
		6CC7E789239A69A000770CF2 /* FriendsView.swift */ = {isa = PBXFileReference; lastKnownFileType = sourcecode.swift; path = FriendsView.swift; sourceTree = "<group>"; };
		6CC7E78B239A6A5F00770CF2 /* FriendsViewModel.swift */ = {isa = PBXFileReference; fileEncoding = 4; lastKnownFileType = sourcecode.swift; path = FriendsViewModel.swift; sourceTree = "<group>"; };
		A05CD9D4D46D0B4B8058D796 /* Pods_tripbook_app_tripbook_testsuite.framework */ = {isa = PBXFileReference; explicitFileType = wrapper.framework; includeInIndex = 0; path = Pods_tripbook_app_tripbook_testsuite.framework; sourceTree = BUILT_PRODUCTS_DIR; };
		FD48D1BD6B5591504171095D /* Pods-tripbook-app-tripbook-testsuite.release.xcconfig */ = {isa = PBXFileReference; includeInIndex = 1; lastKnownFileType = text.xcconfig; name = "Pods-tripbook-app-tripbook-testsuite.release.xcconfig"; path = "Target Support Files/Pods-tripbook-app-tripbook-testsuite/Pods-tripbook-app-tripbook-testsuite.release.xcconfig"; sourceTree = "<group>"; };
/* End PBXFileReference section */

/* Begin PBXFrameworksBuildPhase section */
		4C9C6747236E47EC00CAAD0B /* Frameworks */ = {
			isa = PBXFrameworksBuildPhase;
			buildActionMask = 2147483647;
			files = (
				210908DB9ED036EF9710BEC0 /* Pods_tripbook_app.framework in Frameworks */,
			);
			runOnlyForDeploymentPostprocessing = 0;
		};
		508FF94C23A44AD000D6FA42 /* Frameworks */ = {
			isa = PBXFrameworksBuildPhase;
			buildActionMask = 2147483647;
			files = (
				D8721C42C446E431D1A3BD66 /* Pods_tripbook_app_tripbook_testsuite.framework in Frameworks */,
			);
			runOnlyForDeploymentPostprocessing = 0;
		};
/* End PBXFrameworksBuildPhase section */

/* Begin PBXGroup section */
		4C04FD4D2371FF7E001A3669 /* Model */ = {
			isa = PBXGroup;
			children = (
				4C04FD4B2370E68C001A3669 /* Post.swift */,
				4C7E910A237509AF0034FBBB /* User.swift */,
				50CC79522375B41F00017FE5 /* Location.swift */,
				50CC79542375B45600017FE5 /* TripData.swift */,
				50BF804223A281FD0092C9B0 /* CLLocationCoordinateEquatable.swift */,
				5019D73423A41C8D0097B331 /* DefaultKeys.swift */,
			);
			path = Model;
			sourceTree = "<group>";
		};
		4C04FD4E237200AB001A3669 /* ViewModel */ = {
			isa = PBXGroup;
			children = (
				6CC7E78B239A6A5F00770CF2 /* FriendsViewModel.swift */,
				4C04FD4F237200CD001A3669 /* PostViewModel.swift */,
				6C84B33D23754A090024C2F6 /* ProfileViewModel.swift */,
			);
			path = ViewModel;
			sourceTree = "<group>";
		};
		4C9C6741236E47EC00CAAD0B = {
			isa = PBXGroup;
			children = (
				4C9C674C236E47EC00CAAD0B /* tripbook-app */,
				508FF95023A44AD000D6FA42 /* tripbook-testsuite */,
				4C9C674B236E47EC00CAAD0B /* Products */,
				9E9D3D2A9D692023249773B0 /* Pods */,
				B00E251EF8CAE258BEE9C57B /* Frameworks */,
			);
			sourceTree = "<group>";
		};
		4C9C674B236E47EC00CAAD0B /* Products */ = {
			isa = PBXGroup;
			children = (
				4C9C674A236E47EC00CAAD0B /* tripbook-app.app */,
				508FF94F23A44AD000D6FA42 /* tripbook-testsuite.xctest */,
			);
			name = Products;
			sourceTree = "<group>";
		};
		4C9C674C236E47EC00CAAD0B /* tripbook-app */ = {
			isa = PBXGroup;
			children = (
				4C7E910C237532130034FBBB /* images */,
				4C04FD4E237200AB001A3669 /* ViewModel */,
				4C04FD4D2371FF7E001A3669 /* Model */,
				50CC794B2375B3B800017FE5 /* View */,
				50CC794A2375B39600017FE5 /* Controller */,
				4C9C674D236E47EC00CAAD0B /* AppDelegate.swift */,
				4C9C6754236E47EC00CAAD0B /* ContentView.swift */,
				4C9C674F236E47EC00CAAD0B /* SceneDelegate.swift */,
				4C9C6756236E47ED00CAAD0B /* Assets.xcassets */,
				4C9C675B236E47ED00CAAD0B /* LaunchScreen.storyboard */,
				4C9C675E236E47ED00CAAD0B /* Info.plist */,
				4C9C6751236E47EC00CAAD0B /* tripbook_app.xcdatamodeld */,
				4C9C6764236E4A4100CAAD0B /* GoogleService-Info.plist */,
				4C9C6758236E47ED00CAAD0B /* Preview Content */,
				4C7E91132375F5CE0034FBBB /* firebase_actions.swift */,
			);
			path = "tripbook-app";
			sourceTree = "<group>";
		};
		4C9C6758236E47ED00CAAD0B /* Preview Content */ = {
			isa = PBXGroup;
			children = (
				4C9C6759236E47ED00CAAD0B /* Preview Assets.xcassets */,
			);
			path = "Preview Content";
			sourceTree = "<group>";
		};
		508FF95023A44AD000D6FA42 /* tripbook-testsuite */ = {
			isa = PBXGroup;
			children = (
				50A0C04F23A44E8100E82981 /* LocationTest.swift */,
				5096E83723A46740005E999B /* TripDataTest.swift */,
				5096E83923A46EC1005E999B /* CLLocationEquatableTest.swift */,
				508FF95323A44AD000D6FA42 /* Info.plist */,
				5096E83B23A4700A005E999B /* DefaultKeysTest.swift */,
				5096E84123A476F4005E999B /* PostViewModelTest.swift */,
				5096E83F23A47429005E999B /* ProfileViewModelTest.swift */,
				5096E84323A4771F005E999B /* FriendsViewModelTest.swift */,
			);
			path = "tripbook-testsuite";
			sourceTree = "<group>";
		};
		50CC794A2375B39600017FE5 /* Controller */ = {
			isa = PBXGroup;
			children = (
				50CC79502375B3FB00017FE5 /* MapViewController.swift */,
				50CDD0292399C90C00E33EEE /* ImageViewController.swift */,
				50DE680723A40F3F00E17217 /* MapViewRendererExtension.swift */,
				50DE680923A40FCD00E17217 /* MapViewUIExtension.swift */,
				508FF94923A4459200D6FA42 /* ImageViewUploadExtension.swift */,
			);
			path = Controller;
			sourceTree = "<group>";
		};
		50CC794B2375B3B800017FE5 /* View */ = {
			isa = PBXGroup;
			children = (
				50CC794E2375B3B800017FE5 /* CardView.swift */,
				6CC7E789239A69A000770CF2 /* FriendsView.swift */,
				50CC794D2375B3B800017FE5 /* ProfileView.swift */,
				50CC794F2375B3B800017FE5 /* PostCard.swift */,
				50CC79562375B4E700017FE5 /* IntroAddTripView.swift */,
				50CC794C2375B3B800017FE5 /* MapViewWrapper.swift */,
			);
			path = View;
			sourceTree = "<group>";
		};
		9E9D3D2A9D692023249773B0 /* Pods */ = {
			isa = PBXGroup;
			children = (
				0A4FA2F514E7048BF3CCD5D0 /* Pods-tripbook-app.debug.xcconfig */,
				633367DD27C41920F996FA33 /* Pods-tripbook-app.release.xcconfig */,
				64BB61B752E654A714912D48 /* Pods-tripbook-app-tripbook-testsuite.debug.xcconfig */,
				FD48D1BD6B5591504171095D /* Pods-tripbook-app-tripbook-testsuite.release.xcconfig */,
			);
			path = Pods;
			sourceTree = "<group>";
		};
		B00E251EF8CAE258BEE9C57B /* Frameworks */ = {
			isa = PBXGroup;
			children = (
				5625A2544F9589AABC6E944B /* Pods_tripbook_app.framework */,
				A05CD9D4D46D0B4B8058D796 /* Pods_tripbook_app_tripbook_testsuite.framework */,
			);
			name = Frameworks;
			sourceTree = "<group>";
		};
/* End PBXGroup section */

/* Begin PBXNativeTarget section */
		4C9C6749236E47EC00CAAD0B /* tripbook-app */ = {
			isa = PBXNativeTarget;
			buildConfigurationList = 4C9C6761236E47ED00CAAD0B /* Build configuration list for PBXNativeTarget "tripbook-app" */;
			buildPhases = (
				5E45E8542428274D7DA4CED5 /* [CP] Check Pods Manifest.lock */,
				4C9C6746236E47EC00CAAD0B /* Sources */,
				4C9C6747236E47EC00CAAD0B /* Frameworks */,
				4C9C6748236E47EC00CAAD0B /* Resources */,
				D15589F9AF6EC78DFDD3F805 /* [CP] Embed Pods Frameworks */,
			);
			buildRules = (
			);
			dependencies = (
			);
			name = "tripbook-app";
			productName = "tripbook-app";
			productReference = 4C9C674A236E47EC00CAAD0B /* tripbook-app.app */;
			productType = "com.apple.product-type.application";
		};
		508FF94E23A44AD000D6FA42 /* tripbook-testsuite */ = {
			isa = PBXNativeTarget;
			buildConfigurationList = 508FF95623A44AD000D6FA42 /* Build configuration list for PBXNativeTarget "tripbook-testsuite" */;
			buildPhases = (
				0FDA5A8AEEA3F54F23337063 /* [CP] Check Pods Manifest.lock */,
				508FF94B23A44AD000D6FA42 /* Sources */,
				508FF94C23A44AD000D6FA42 /* Frameworks */,
				508FF94D23A44AD000D6FA42 /* Resources */,
				0EF22DD18058C8C2245FF90A /* [CP] Embed Pods Frameworks */,
			);
			buildRules = (
			);
			dependencies = (
				508FF95523A44AD000D6FA42 /* PBXTargetDependency */,
			);
			name = "tripbook-testsuite";
			productName = "tripbook-testsuite";
			productReference = 508FF94F23A44AD000D6FA42 /* tripbook-testsuite.xctest */;
			productType = "com.apple.product-type.bundle.unit-test";
		};
/* End PBXNativeTarget section */

/* Begin PBXProject section */
		4C9C6742236E47EC00CAAD0B /* Project object */ = {
			isa = PBXProject;
			attributes = {
				LastSwiftUpdateCheck = 1120;
				LastUpgradeCheck = 1120;
				ORGANIZATIONNAME = 67442;
				TargetAttributes = {
					4C9C6749236E47EC00CAAD0B = {
						CreatedOnToolsVersion = 11.2;
					};
					508FF94E23A44AD000D6FA42 = {
						CreatedOnToolsVersion = 11.2;
						TestTargetID = 4C9C6749236E47EC00CAAD0B;
					};
				};
			};
			buildConfigurationList = 4C9C6745236E47EC00CAAD0B /* Build configuration list for PBXProject "tripbook-app" */;
			compatibilityVersion = "Xcode 9.3";
			developmentRegion = en;
			hasScannedForEncodings = 0;
			knownRegions = (
				en,
				Base,
			);
			mainGroup = 4C9C6741236E47EC00CAAD0B;
			productRefGroup = 4C9C674B236E47EC00CAAD0B /* Products */;
			projectDirPath = "";
			projectRoot = "";
			targets = (
				4C9C6749236E47EC00CAAD0B /* tripbook-app */,
				508FF94E23A44AD000D6FA42 /* tripbook-testsuite */,
			);
		};
/* End PBXProject section */

/* Begin PBXResourcesBuildPhase section */
		4C9C6748236E47EC00CAAD0B /* Resources */ = {
			isa = PBXResourcesBuildPhase;
			buildActionMask = 2147483647;
			files = (
				4C9C675D236E47ED00CAAD0B /* LaunchScreen.storyboard in Resources */,
				4C9C6765236E4A4100CAAD0B /* GoogleService-Info.plist in Resources */,
				4C9C675A236E47ED00CAAD0B /* Preview Assets.xcassets in Resources */,
				4C9C6757236E47ED00CAAD0B /* Assets.xcassets in Resources */,
				4C7E910D237532130034FBBB /* images in Resources */,
			);
			runOnlyForDeploymentPostprocessing = 0;
		};
		508FF94D23A44AD000D6FA42 /* Resources */ = {
			isa = PBXResourcesBuildPhase;
			buildActionMask = 2147483647;
			files = (
			);
			runOnlyForDeploymentPostprocessing = 0;
		};
/* End PBXResourcesBuildPhase section */

/* Begin PBXShellScriptBuildPhase section */
		0EF22DD18058C8C2245FF90A /* [CP] Embed Pods Frameworks */ = {
			isa = PBXShellScriptBuildPhase;
			buildActionMask = 2147483647;
			files = (
			);
			inputFileListPaths = (
				"${PODS_ROOT}/Target Support Files/Pods-tripbook-app-tripbook-testsuite/Pods-tripbook-app-tripbook-testsuite-frameworks-${CONFIGURATION}-input-files.xcfilelist",
			);
			name = "[CP] Embed Pods Frameworks";
			outputFileListPaths = (
				"${PODS_ROOT}/Target Support Files/Pods-tripbook-app-tripbook-testsuite/Pods-tripbook-app-tripbook-testsuite-frameworks-${CONFIGURATION}-output-files.xcfilelist",
			);
			runOnlyForDeploymentPostprocessing = 0;
			shellPath = /bin/sh;
			shellScript = "\"${PODS_ROOT}/Target Support Files/Pods-tripbook-app-tripbook-testsuite/Pods-tripbook-app-tripbook-testsuite-frameworks.sh\"\n";
			showEnvVarsInLog = 0;
		};
		0FDA5A8AEEA3F54F23337063 /* [CP] Check Pods Manifest.lock */ = {
			isa = PBXShellScriptBuildPhase;
			buildActionMask = 2147483647;
			files = (
			);
			inputFileListPaths = (
			);
			inputPaths = (
				"${PODS_PODFILE_DIR_PATH}/Podfile.lock",
				"${PODS_ROOT}/Manifest.lock",
			);
			name = "[CP] Check Pods Manifest.lock";
			outputFileListPaths = (
			);
			outputPaths = (
				"$(DERIVED_FILE_DIR)/Pods-tripbook-app-tripbook-testsuite-checkManifestLockResult.txt",
			);
			runOnlyForDeploymentPostprocessing = 0;
			shellPath = /bin/sh;
			shellScript = "diff \"${PODS_PODFILE_DIR_PATH}/Podfile.lock\" \"${PODS_ROOT}/Manifest.lock\" > /dev/null\nif [ $? != 0 ] ; then\n    # print error to STDERR\n    echo \"error: The sandbox is not in sync with the Podfile.lock. Run 'pod install' or update your CocoaPods installation.\" >&2\n    exit 1\nfi\n# This output is used by Xcode 'outputs' to avoid re-running this script phase.\necho \"SUCCESS\" > \"${SCRIPT_OUTPUT_FILE_0}\"\n";
			showEnvVarsInLog = 0;
		};
		5E45E8542428274D7DA4CED5 /* [CP] Check Pods Manifest.lock */ = {
			isa = PBXShellScriptBuildPhase;
			buildActionMask = 2147483647;
			files = (
			);
			inputFileListPaths = (
			);
			inputPaths = (
				"${PODS_PODFILE_DIR_PATH}/Podfile.lock",
				"${PODS_ROOT}/Manifest.lock",
			);
			name = "[CP] Check Pods Manifest.lock";
			outputFileListPaths = (
			);
			outputPaths = (
				"$(DERIVED_FILE_DIR)/Pods-tripbook-app-checkManifestLockResult.txt",
			);
			runOnlyForDeploymentPostprocessing = 0;
			shellPath = /bin/sh;
			shellScript = "diff \"${PODS_PODFILE_DIR_PATH}/Podfile.lock\" \"${PODS_ROOT}/Manifest.lock\" > /dev/null\nif [ $? != 0 ] ; then\n    # print error to STDERR\n    echo \"error: The sandbox is not in sync with the Podfile.lock. Run 'pod install' or update your CocoaPods installation.\" >&2\n    exit 1\nfi\n# This output is used by Xcode 'outputs' to avoid re-running this script phase.\necho \"SUCCESS\" > \"${SCRIPT_OUTPUT_FILE_0}\"\n";
			showEnvVarsInLog = 0;
		};
		D15589F9AF6EC78DFDD3F805 /* [CP] Embed Pods Frameworks */ = {
			isa = PBXShellScriptBuildPhase;
			buildActionMask = 2147483647;
			files = (
			);
			inputFileListPaths = (
				"${PODS_ROOT}/Target Support Files/Pods-tripbook-app/Pods-tripbook-app-frameworks-${CONFIGURATION}-input-files.xcfilelist",
			);
			name = "[CP] Embed Pods Frameworks";
			outputFileListPaths = (
				"${PODS_ROOT}/Target Support Files/Pods-tripbook-app/Pods-tripbook-app-frameworks-${CONFIGURATION}-output-files.xcfilelist",
			);
			runOnlyForDeploymentPostprocessing = 0;
			shellPath = /bin/sh;
			shellScript = "\"${PODS_ROOT}/Target Support Files/Pods-tripbook-app/Pods-tripbook-app-frameworks.sh\"\n";
			showEnvVarsInLog = 0;
		};
/* End PBXShellScriptBuildPhase section */

/* Begin PBXSourcesBuildPhase section */
		4C9C6746236E47EC00CAAD0B /* Sources */ = {
			isa = PBXSourcesBuildPhase;
			buildActionMask = 2147483647;
			files = (
				4C7E91142375F5CE0034FBBB /* firebase_actions.swift in Sources */,
				5019D73523A41C8D0097B331 /* DefaultKeys.swift in Sources */,
				4C9C6753236E47EC00CAAD0B /* tripbook_app.xcdatamodeld in Sources */,
				50CC79552375B45600017FE5 /* TripData.swift in Sources */,
				508FF94A23A4459200D6FA42 /* ImageViewUploadExtension.swift in Sources */,
				4C04FD50237200CD001A3669 /* PostViewModel.swift in Sources */,
				50CC79582375B77800017FE5 /* MapViewWrapper.swift in Sources */,
				50DE680823A40F3F00E17217 /* MapViewRendererExtension.swift in Sources */,
				50CC795A2375B98F00017FE5 /* CardView.swift in Sources */,
				50CC79532375B41F00017FE5 /* Location.swift in Sources */,
				50CC79572375B4E700017FE5 /* IntroAddTripView.swift in Sources */,
				4C9C674E236E47EC00CAAD0B /* AppDelegate.swift in Sources */,
				50BF804323A281FD0092C9B0 /* CLLocationCoordinateEquatable.swift in Sources */,
				4C9C6755236E47EC00CAAD0B /* ContentView.swift in Sources */,
				50CC795B2375B99100017FE5 /* PostCard.swift in Sources */,
				50CC79512375B3FB00017FE5 /* MapViewController.swift in Sources */,
				6C84B33E23754A090024C2F6 /* ProfileViewModel.swift in Sources */,
				4C7E910B237509AF0034FBBB /* User.swift in Sources */,
				4C04FD4C2370E68C001A3669 /* Post.swift in Sources */,
				6CC7E78A239A69A000770CF2 /* FriendsView.swift in Sources */,
				50DE680A23A40FCD00E17217 /* MapViewUIExtension.swift in Sources */,
				6CC7E78C239A6A5F00770CF2 /* FriendsViewModel.swift in Sources */,
				50CDD02A2399C90C00E33EEE /* ImageViewController.swift in Sources */,
				50CC79592375B98C00017FE5 /* ProfileView.swift in Sources */,
				4C9C6750236E47EC00CAAD0B /* SceneDelegate.swift in Sources */,
			);
			runOnlyForDeploymentPostprocessing = 0;
		};
		508FF94B23A44AD000D6FA42 /* Sources */ = {
			isa = PBXSourcesBuildPhase;
			buildActionMask = 2147483647;
			files = (
				5096E83C23A4700A005E999B /* DefaultKeysTest.swift in Sources */,
				5096E84023A47429005E999B /* ProfileViewModelTest.swift in Sources */,
				5096E83A23A46EC1005E999B /* CLLocationEquatableTest.swift in Sources */,
				50A0C05023A44E8100E82981 /* LocationTest.swift in Sources */,
				5096E84423A4771F005E999B /* FriendsViewModelTest.swift in Sources */,
				5096E84223A476F4005E999B /* PostViewModelTest.swift in Sources */,
				5096E83823A46740005E999B /* TripDataTest.swift in Sources */,
			);
			runOnlyForDeploymentPostprocessing = 0;
		};
/* End PBXSourcesBuildPhase section */

/* Begin PBXTargetDependency section */
		508FF95523A44AD000D6FA42 /* PBXTargetDependency */ = {
			isa = PBXTargetDependency;
			target = 4C9C6749236E47EC00CAAD0B /* tripbook-app */;
			targetProxy = 508FF95423A44AD000D6FA42 /* PBXContainerItemProxy */;
		};
/* End PBXTargetDependency section */

/* Begin PBXVariantGroup section */
		4C9C675B236E47ED00CAAD0B /* LaunchScreen.storyboard */ = {
			isa = PBXVariantGroup;
			children = (
				4C9C675C236E47ED00CAAD0B /* Base */,
			);
			name = LaunchScreen.storyboard;
			sourceTree = "<group>";
		};
/* End PBXVariantGroup section */

/* Begin XCBuildConfiguration section */
		4C9C675F236E47ED00CAAD0B /* Debug */ = {
			isa = XCBuildConfiguration;
			buildSettings = {
				ALWAYS_SEARCH_USER_PATHS = NO;
				CLANG_ANALYZER_NONNULL = YES;
				CLANG_ANALYZER_NUMBER_OBJECT_CONVERSION = YES_AGGRESSIVE;
				CLANG_CXX_LANGUAGE_STANDARD = "gnu++14";
				CLANG_CXX_LIBRARY = "libc++";
				CLANG_ENABLE_MODULES = YES;
				CLANG_ENABLE_OBJC_ARC = YES;
				CLANG_ENABLE_OBJC_WEAK = YES;
				CLANG_WARN_BLOCK_CAPTURE_AUTORELEASING = YES;
				CLANG_WARN_BOOL_CONVERSION = YES;
				CLANG_WARN_COMMA = YES;
				CLANG_WARN_CONSTANT_CONVERSION = YES;
				CLANG_WARN_DEPRECATED_OBJC_IMPLEMENTATIONS = YES;
				CLANG_WARN_DIRECT_OBJC_ISA_USAGE = YES_ERROR;
				CLANG_WARN_DOCUMENTATION_COMMENTS = YES;
				CLANG_WARN_EMPTY_BODY = YES;
				CLANG_WARN_ENUM_CONVERSION = YES;
				CLANG_WARN_INFINITE_RECURSION = YES;
				CLANG_WARN_INT_CONVERSION = YES;
				CLANG_WARN_NON_LITERAL_NULL_CONVERSION = YES;
				CLANG_WARN_OBJC_IMPLICIT_RETAIN_SELF = YES;
				CLANG_WARN_OBJC_LITERAL_CONVERSION = YES;
				CLANG_WARN_OBJC_ROOT_CLASS = YES_ERROR;
				CLANG_WARN_RANGE_LOOP_ANALYSIS = YES;
				CLANG_WARN_STRICT_PROTOTYPES = YES;
				CLANG_WARN_SUSPICIOUS_MOVE = YES;
				CLANG_WARN_UNGUARDED_AVAILABILITY = YES_AGGRESSIVE;
				CLANG_WARN_UNREACHABLE_CODE = YES;
				CLANG_WARN__DUPLICATE_METHOD_MATCH = YES;
				COPY_PHASE_STRIP = NO;
				DEBUG_INFORMATION_FORMAT = dwarf;
				DEVELOPMENT_TEAM = UAZ374FD6P;
				ENABLE_STRICT_OBJC_MSGSEND = YES;
				ENABLE_TESTABILITY = YES;
				GCC_C_LANGUAGE_STANDARD = gnu11;
				GCC_DYNAMIC_NO_PIC = NO;
				GCC_NO_COMMON_BLOCKS = YES;
				GCC_OPTIMIZATION_LEVEL = 0;
				GCC_PREPROCESSOR_DEFINITIONS = (
					"DEBUG=1",
					"$(inherited)",
				);
				GCC_WARN_64_TO_32_BIT_CONVERSION = YES;
				GCC_WARN_ABOUT_RETURN_TYPE = YES_ERROR;
				GCC_WARN_UNDECLARED_SELECTOR = YES;
				GCC_WARN_UNINITIALIZED_AUTOS = YES_AGGRESSIVE;
				GCC_WARN_UNUSED_FUNCTION = YES;
				GCC_WARN_UNUSED_VARIABLE = YES;
				IPHONEOS_DEPLOYMENT_TARGET = 13.1.3;
				MTL_ENABLE_DEBUG_INFO = INCLUDE_SOURCE;
				MTL_FAST_MATH = YES;
				ONLY_ACTIVE_ARCH = YES;
				SDKROOT = iphoneos;
				SWIFT_ACTIVE_COMPILATION_CONDITIONS = DEBUG;
				SWIFT_OPTIMIZATION_LEVEL = "-Onone";
			};
			name = Debug;
		};
		4C9C6760236E47ED00CAAD0B /* Release */ = {
			isa = XCBuildConfiguration;
			buildSettings = {
				ALWAYS_SEARCH_USER_PATHS = NO;
				CLANG_ANALYZER_NONNULL = YES;
				CLANG_ANALYZER_NUMBER_OBJECT_CONVERSION = YES_AGGRESSIVE;
				CLANG_CXX_LANGUAGE_STANDARD = "gnu++14";
				CLANG_CXX_LIBRARY = "libc++";
				CLANG_ENABLE_MODULES = YES;
				CLANG_ENABLE_OBJC_ARC = YES;
				CLANG_ENABLE_OBJC_WEAK = YES;
				CLANG_WARN_BLOCK_CAPTURE_AUTORELEASING = YES;
				CLANG_WARN_BOOL_CONVERSION = YES;
				CLANG_WARN_COMMA = YES;
				CLANG_WARN_CONSTANT_CONVERSION = YES;
				CLANG_WARN_DEPRECATED_OBJC_IMPLEMENTATIONS = YES;
				CLANG_WARN_DIRECT_OBJC_ISA_USAGE = YES_ERROR;
				CLANG_WARN_DOCUMENTATION_COMMENTS = YES;
				CLANG_WARN_EMPTY_BODY = YES;
				CLANG_WARN_ENUM_CONVERSION = YES;
				CLANG_WARN_INFINITE_RECURSION = YES;
				CLANG_WARN_INT_CONVERSION = YES;
				CLANG_WARN_NON_LITERAL_NULL_CONVERSION = YES;
				CLANG_WARN_OBJC_IMPLICIT_RETAIN_SELF = YES;
				CLANG_WARN_OBJC_LITERAL_CONVERSION = YES;
				CLANG_WARN_OBJC_ROOT_CLASS = YES_ERROR;
				CLANG_WARN_RANGE_LOOP_ANALYSIS = YES;
				CLANG_WARN_STRICT_PROTOTYPES = YES;
				CLANG_WARN_SUSPICIOUS_MOVE = YES;
				CLANG_WARN_UNGUARDED_AVAILABILITY = YES_AGGRESSIVE;
				CLANG_WARN_UNREACHABLE_CODE = YES;
				CLANG_WARN__DUPLICATE_METHOD_MATCH = YES;
				COPY_PHASE_STRIP = NO;
				DEBUG_INFORMATION_FORMAT = "dwarf-with-dsym";
				DEVELOPMENT_TEAM = UAZ374FD6P;
				ENABLE_NS_ASSERTIONS = NO;
				ENABLE_STRICT_OBJC_MSGSEND = YES;
				GCC_C_LANGUAGE_STANDARD = gnu11;
				GCC_NO_COMMON_BLOCKS = YES;
				GCC_WARN_64_TO_32_BIT_CONVERSION = YES;
				GCC_WARN_ABOUT_RETURN_TYPE = YES_ERROR;
				GCC_WARN_UNDECLARED_SELECTOR = YES;
				GCC_WARN_UNINITIALIZED_AUTOS = YES_AGGRESSIVE;
				GCC_WARN_UNUSED_FUNCTION = YES;
				GCC_WARN_UNUSED_VARIABLE = YES;
				IPHONEOS_DEPLOYMENT_TARGET = 13.1.3;
				MTL_ENABLE_DEBUG_INFO = NO;
				MTL_FAST_MATH = YES;
				SDKROOT = iphoneos;
				SWIFT_COMPILATION_MODE = wholemodule;
				SWIFT_OPTIMIZATION_LEVEL = "-O";
				VALIDATE_PRODUCT = YES;
			};
			name = Release;
		};
		4C9C6762236E47ED00CAAD0B /* Debug */ = {
			isa = XCBuildConfiguration;
			baseConfigurationReference = 0A4FA2F514E7048BF3CCD5D0 /* Pods-tripbook-app.debug.xcconfig */;
			buildSettings = {
				ASSETCATALOG_COMPILER_APPICON_NAME = AppIcon;
				CODE_SIGN_STYLE = Automatic;
				DEVELOPMENT_ASSET_PATHS = "\"tripbook-app/Preview Content\"";
				DEVELOPMENT_TEAM = 5VQY38ZB78;
				ENABLE_PREVIEWS = YES;
				INFOPLIST_FILE = "tripbook-app/Info.plist";
				LD_RUNPATH_SEARCH_PATHS = (
					"$(inherited)",
					"@executable_path/Frameworks",
				);
				PRODUCT_BUNDLE_IDENTIFIER = "MK.tripbook-app";
				PRODUCT_NAME = "$(TARGET_NAME)";
				SWIFT_VERSION = 5.0;
				TARGETED_DEVICE_FAMILY = "1,2";
			};
			name = Debug;
		};
		4C9C6763236E47ED00CAAD0B /* Release */ = {
			isa = XCBuildConfiguration;
			baseConfigurationReference = 633367DD27C41920F996FA33 /* Pods-tripbook-app.release.xcconfig */;
			buildSettings = {
				ASSETCATALOG_COMPILER_APPICON_NAME = AppIcon;
				CODE_SIGN_STYLE = Automatic;
				DEVELOPMENT_ASSET_PATHS = "\"tripbook-app/Preview Content\"";
				DEVELOPMENT_TEAM = 5VQY38ZB78;
				ENABLE_PREVIEWS = YES;
				INFOPLIST_FILE = "tripbook-app/Info.plist";
				LD_RUNPATH_SEARCH_PATHS = (
					"$(inherited)",
					"@executable_path/Frameworks",
				);
				PRODUCT_BUNDLE_IDENTIFIER = "MK.tripbook-app";
				PRODUCT_NAME = "$(TARGET_NAME)";
				SWIFT_VERSION = 5.0;
				TARGETED_DEVICE_FAMILY = "1,2";
			};
			name = Release;
		};
		508FF95723A44AD000D6FA42 /* Debug */ = {
			isa = XCBuildConfiguration;
			baseConfigurationReference = 64BB61B752E654A714912D48 /* Pods-tripbook-app-tripbook-testsuite.debug.xcconfig */;
			buildSettings = {
				BUNDLE_LOADER = "$(TEST_HOST)";
				CODE_SIGN_STYLE = Automatic;
				DEVELOPMENT_TEAM = UAZ374FD6P;
				INFOPLIST_FILE = "tripbook-testsuite/Info.plist";
				IPHONEOS_DEPLOYMENT_TARGET = 13.2;
				LD_RUNPATH_SEARCH_PATHS = (
					"$(inherited)",
					"@executable_path/Frameworks",
					"@loader_path/Frameworks",
				);
				PRODUCT_BUNDLE_IDENTIFIER = "MK.tripbook-testsuite";
				PRODUCT_NAME = "$(TARGET_NAME)";
				SWIFT_VERSION = 5.0;
				TARGETED_DEVICE_FAMILY = "1,2";
				TEST_HOST = "$(BUILT_PRODUCTS_DIR)/tripbook-app.app/tripbook-app";
			};
			name = Debug;
		};
		508FF95823A44AD000D6FA42 /* Release */ = {
			isa = XCBuildConfiguration;
			baseConfigurationReference = FD48D1BD6B5591504171095D /* Pods-tripbook-app-tripbook-testsuite.release.xcconfig */;
			buildSettings = {
				BUNDLE_LOADER = "$(TEST_HOST)";
				CODE_SIGN_STYLE = Automatic;
				DEVELOPMENT_TEAM = UAZ374FD6P;
				INFOPLIST_FILE = "tripbook-testsuite/Info.plist";
				IPHONEOS_DEPLOYMENT_TARGET = 13.2;
				LD_RUNPATH_SEARCH_PATHS = (
					"$(inherited)",
					"@executable_path/Frameworks",
					"@loader_path/Frameworks",
				);
				PRODUCT_BUNDLE_IDENTIFIER = "MK.tripbook-testsuite";
				PRODUCT_NAME = "$(TARGET_NAME)";
				SWIFT_VERSION = 5.0;
				TARGETED_DEVICE_FAMILY = "1,2";
				TEST_HOST = "$(BUILT_PRODUCTS_DIR)/tripbook-app.app/tripbook-app";
			};
			name = Release;
		};
/* End XCBuildConfiguration section */

/* Begin XCConfigurationList section */
		4C9C6745236E47EC00CAAD0B /* Build configuration list for PBXProject "tripbook-app" */ = {
			isa = XCConfigurationList;
			buildConfigurations = (
				4C9C675F236E47ED00CAAD0B /* Debug */,
				4C9C6760236E47ED00CAAD0B /* Release */,
			);
			defaultConfigurationIsVisible = 0;
			defaultConfigurationName = Release;
		};
		4C9C6761236E47ED00CAAD0B /* Build configuration list for PBXNativeTarget "tripbook-app" */ = {
			isa = XCConfigurationList;
			buildConfigurations = (
				4C9C6762236E47ED00CAAD0B /* Debug */,
				4C9C6763236E47ED00CAAD0B /* Release */,
			);
			defaultConfigurationIsVisible = 0;
			defaultConfigurationName = Release;
		};
		508FF95623A44AD000D6FA42 /* Build configuration list for PBXNativeTarget "tripbook-testsuite" */ = {
			isa = XCConfigurationList;
			buildConfigurations = (
				508FF95723A44AD000D6FA42 /* Debug */,
				508FF95823A44AD000D6FA42 /* Release */,
			);
			defaultConfigurationIsVisible = 0;
			defaultConfigurationName = Release;
		};
/* End XCConfigurationList section */

/* Begin XCVersionGroup section */
		4C9C6751236E47EC00CAAD0B /* tripbook_app.xcdatamodeld */ = {
			isa = XCVersionGroup;
			children = (
				4C9C6752236E47EC00CAAD0B /* tripbook_app.xcdatamodel */,
			);
			currentVersion = 4C9C6752236E47EC00CAAD0B /* tripbook_app.xcdatamodel */;
			path = tripbook_app.xcdatamodeld;
			sourceTree = "<group>";
			versionGroupType = wrapper.xcdatamodel;
		};
/* End XCVersionGroup section */
	};
	rootObject = 4C9C6742236E47EC00CAAD0B /* Project object */;
}
